Microsoft Visual Studio Solution File, Format Version 12.00
# Visual Studio Version 16
VisualStudioVersion = 16.0.31205.134
MinimumVisualStudioVersion = 10.0.40219.1
Project("{8BC9CEB8-8B4A-11D0-8D11-00A0C91BC942}") = "exampleFaceTracker", "exampleFaceTracker.vcxproj", "{B7771839-E72D-42BA-BE0C-9204DFB2FE80}"
	ProjectSection(ProjectDependencies) = postProject
		{B2C01C26-CC6D-4F5B-890B-FA95841568B6} = {B2C01C26-CC6D-4F5B-890B-FA95841568B6}
	EndProjectSection
EndProject
Project("{2150E333-8FDC-42A3-9474-1A3956D46DE8}") = "Solution Items", "Solution Items", "{120699E8-80B5-47A7-8D1C-F98CB888BBF2}"
	ProjectSection(SolutionItems) = preProject
		..\..\..\..\cinder\proj\vc2019\cinder.vcxproj = ..\..\..\..\cinder\proj\vc2019\cinder.vcxproj
	EndProjectSection
EndProject
Project("{8BC9CEB8-8B4A-11D0-8D11-00A0C91BC942}") = "sitara-opencv", "..\..\..\proj\sitara-opencv.vcxproj", "{B2C01C26-CC6D-4F5B-890B-FA95841568B6}"
EndProject
Global
	GlobalSection(SolutionConfigurationPlatforms) = preSolution
		Debug|x64 = Debug|x64
		Debug|x86 = Debug|x86
		Release|x64 = Release|x64
		Release|x86 = Release|x86
	EndGlobalSection
	GlobalSection(ProjectConfigurationPlatforms) = postSolution
		{B7771839-E72D-42BA-BE0C-9204DFB2FE80}.Debug|x64.ActiveCfg = Debug|x64
		{B7771839-E72D-42BA-BE0C-9204DFB2FE80}.Debug|x64.Build.0 = Debug|x64
		{B7771839-E72D-42BA-BE0C-9204DFB2FE80}.Debug|x86.ActiveCfg = Debug|x64
		{B7771839-E72D-42BA-BE0C-9204DFB2FE80}.Release|x64.ActiveCfg = Release|x64
		{B7771839-E72D-42BA-BE0C-9204DFB2FE80}.Release|x64.Build.0 = Release|x64
		{B7771839-E72D-42BA-BE0C-9204DFB2FE80}.Release|x86.ActiveCfg = Release|x64
		{B2C01C26-CC6D-4F5B-890B-FA95841568B6}.Debug|x64.ActiveCfg = Debug|x64
		{B2C01C26-CC6D-4F5B-890B-FA95841568B6}.Debug|x64.Build.0 = Debug|x64
		{B2C01C26-CC6D-4F5B-890B-FA95841568B6}.Debug|x86.ActiveCfg = Debug|Win32
		{B2C01C26-CC6D-4F5B-890B-FA95841568B6}.Debug|x86.Build.0 = Debug|Win32
		{B2C01C26-CC6D-4F5B-890B-FA95841568B6}.Release|x64.ActiveCfg = Release|x64
		{B2C01C26-CC6D-4F5B-890B-FA95841568B6}.Release|x64.Build.0 = Release|x64
		{B2C01C26-CC6D-4F5B-890B-FA95841568B6}.Release|x86.ActiveCfg = Release|Win32
		{B2C01C26-CC6D-4F5B-890B-FA95841568B6}.Release|x86.Build.0 = Release|Win32
	EndGlobalSection
	GlobalSection(SolutionProperties) = preSolution
		HideSolutionNode = FALSE
	EndGlobalSection
	GlobalSection(ExtensibilityGlobals) = postSolution
		SolutionGuid = {7B4E0C3C-12E5-4152-B7FF-C237ECA6F770}
	EndGlobalSection
EndGlobal
